github.com/lovego/errs v0.0.5 h1:EXCp1vx5KSTXHmtRMb9beMC+Hm+y9rGiOVBeN9yRZ5o=
github.com/lovego/errs v0.0.5/go.mod h1:ghGAxm7RQySjaQ7+H0qWei20i/KcIGsyD4XZnj4tK/0=
github.com/lovego/tracer v0.0.1 h1:NAggoG9bu9JrgSFOUPmZBmshmT7myOFAIy1zWeNNt9o=
github.com/lovego/tracer v0.0.1/go.mod h1:cqfr/BqdkspXnph/SO8AOt58d+ziUGEzzM3OXMtI0rc=
